
Microsoft Visual Studio Solution File, Format Version 12.00
# Visual Studio Version 17
VisualStudioVersion = 17.13.35919.96
MinimumVisualStudioVersion = 10.0.40219.1
Project("{8BC9CEB8-8B4A-11D0-8D11-00A0C91BC942}") = "GradientspaceDemo", "GradientspaceDemo.vcxproj", "{50261382-CA19-4111-8728-4F9953D24448}"
EndProject
Project("{8BC9CEB8-8B4A-11D0-8D11-00A0C91BC942}") = "GradientspaceCore", "..\submodules\GradientspaceCore\Build\vs2022\GradientspaceCore.vcxproj", "{31CDDC33-A9C4-481E-B4AA-F24AFBEFE596}"
EndProject
Project("{8BC9CEB8-8B4A-11D0-8D11-00A0C91BC942}") = "GradientspaceIO", "..\submodules\GradientspaceIO\Build\vs2022\GradientspaceIO.vcxproj", "{376E8D9E-E307-43BE-840C-D81EE3682123}"
EndProject
Project("{8BC9CEB8-8B4A-11D0-8D11-00A0C91BC942}") = "GradientspaceGrid", "..\submodules\GradientspaceGrid\Build\vs2022\GradientspaceGrid.vcxproj", "{BA9F00E1-882F-4283-B65B-1568F2F2FDA2}"
EndProject
Global
	GlobalSection(SolutionConfigurationPlatforms) = preSolution
		Debug|x64 = Debug|x64
		Debug-Clang|x64 = Debug-Clang|x64
		Release|x64 = Release|x64
	EndGlobalSection
	GlobalSection(ProjectConfigurationPlatforms) = postSolution
		{50261382-CA19-4111-8728-4F9953D24448}.Debug|x64.ActiveCfg = Debug|x64
		{50261382-CA19-4111-8728-4F9953D24448}.Debug|x64.Build.0 = Debug|x64
		{50261382-CA19-4111-8728-4F9953D24448}.Debug-Clang|x64.ActiveCfg = Debug-Clang|x64
		{50261382-CA19-4111-8728-4F9953D24448}.Debug-Clang|x64.Build.0 = Debug-Clang|x64
		{50261382-CA19-4111-8728-4F9953D24448}.Release|x64.ActiveCfg = Release|x64
		{50261382-CA19-4111-8728-4F9953D24448}.Release|x64.Build.0 = Release|x64
		{31CDDC33-A9C4-481E-B4AA-F24AFBEFE596}.Debug|x64.ActiveCfg = Debug|x64
		{31CDDC33-A9C4-481E-B4AA-F24AFBEFE596}.Debug|x64.Build.0 = Debug|x64
		{31CDDC33-A9C4-481E-B4AA-F24AFBEFE596}.Debug-Clang|x64.ActiveCfg = Debug-Clang|x64
		{31CDDC33-A9C4-481E-B4AA-F24AFBEFE596}.Debug-Clang|x64.Build.0 = Debug-Clang|x64
		{31CDDC33-A9C4-481E-B4AA-F24AFBEFE596}.Release|x64.ActiveCfg = Release|x64
		{31CDDC33-A9C4-481E-B4AA-F24AFBEFE596}.Release|x64.Build.0 = Release|x64
		{376E8D9E-E307-43BE-840C-D81EE3682123}.Debug|x64.ActiveCfg = Debug|x64
		{376E8D9E-E307-43BE-840C-D81EE3682123}.Debug|x64.Build.0 = Debug|x64
		{376E8D9E-E307-43BE-840C-D81EE3682123}.Debug-Clang|x64.ActiveCfg = Debug-Clang|x64
		{376E8D9E-E307-43BE-840C-D81EE3682123}.Debug-Clang|x64.Build.0 = Debug-Clang|x64
		{376E8D9E-E307-43BE-840C-D81EE3682123}.Release|x64.ActiveCfg = Release|x64
		{376E8D9E-E307-43BE-840C-D81EE3682123}.Release|x64.Build.0 = Release|x64
		{BA9F00E1-882F-4283-B65B-1568F2F2FDA2}.Debug|x64.ActiveCfg = Debug|x64
		{BA9F00E1-882F-4283-B65B-1568F2F2FDA2}.Debug|x64.Build.0 = Debug|x64
		{BA9F00E1-882F-4283-B65B-1568F2F2FDA2}.Debug-Clang|x64.ActiveCfg = Debug-Clang|x64
		{BA9F00E1-882F-4283-B65B-1568F2F2FDA2}.Debug-Clang|x64.Build.0 = Debug-Clang|x64
		{BA9F00E1-882F-4283-B65B-1568F2F2FDA2}.Release|x64.ActiveCfg = Release|x64
		{BA9F00E1-882F-4283-B65B-1568F2F2FDA2}.Release|x64.Build.0 = Release|x64
	EndGlobalSection
	GlobalSection(SolutionProperties) = preSolution
		HideSolutionNode = FALSE
	EndGlobalSection
	GlobalSection(ExtensibilityGlobals) = postSolution
		SolutionGuid = {1C21A969-B4C8-47B3-A642-914F74464093}
	EndGlobalSection
EndGlobal
